
Microsoft Visual Studio Solution File, Format Version 12.00
# Visual Studio Version 16
VisualStudioVersion = 16.0.29001.49
MinimumVisualStudioVersion = 10.0.40219.1
Project("{9092AA53-FB77-4645-B42D-1CCCA6BD08BD}") = "Class-Api", "Class-Api.njsproj", "{8FE18F3F-CD66-4390-8E0E-C0D797C3CBAC}"
EndProject
Global
	GlobalSection(SolutionConfigurationPlatforms) = preSolution
		Debug|Any CPU = Debug|Any CPU
		Release|Any CPU = Release|Any CPU
	EndGlobalSection
	GlobalSection(ProjectConfigurationPlatforms) = postSolution
		{8FE18F3F-CD66-4390-8E0E-C0D797C3CBAC}.Debug|Any CPU.ActiveCfg = Debug|Any CPU
		{8FE18F3F-CD66-4390-8E0E-C0D797C3CBAC}.Debug|Any CPU.Build.0 = Debug|Any CPU
		{8FE18F3F-CD66-4390-8E0E-C0D797C3CBAC}.Release|Any CPU.ActiveCfg = Release|Any CPU
		{8FE18F3F-CD66-4390-8E0E-C0D797C3CBAC}.Release|Any CPU.Build.0 = Release|Any CPU
	EndGlobalSection
	GlobalSection(SolutionProperties) = preSolution
		HideSolutionNode = FALSE
	EndGlobalSection
	GlobalSection(ExtensibilityGlobals) = postSolution
		SolutionGuid = {37CE9A45-D086-44F6-8B51-22C9A9C21CAB}
	EndGlobalSection
EndGlobal
